
Microsoft Visual Studio Solution File, Format Version 12.00
# Visual Studio Version 17
VisualStudioVersion = 17.0.31903.59
MinimumVisualStudioVersion = 10.0.40219.1
Project("{2150E333-8FDC-42A3-9474-1A3956D46DE8}") = "src", "src", "{3F800A17-C0EE-4DA4-87AC-EC9159F2F37A}"
EndProject
Project("{FAE04EC0-301F-11D3-BF4B-00C04F79EFBC}") = "Exemplar.Core", "src\Exemplar.Core\Exemplar.Core.csproj", "{E9BE1607-3D2A-4817-9D6F-E5C078A4D963}"
EndProject
Project("{FAE04EC0-301F-11D3-BF4B-00C04F79EFBC}") = "Exemplar.Customers", "src\Exemplar.Customers\Exemplar.Customers.csproj", "{AE6BD8DB-365A-4824-B406-142375090C68}"
EndProject
Project("{FAE04EC0-301F-11D3-BF4B-00C04F79EFBC}") = "Exemplar.Customers.Contracts", "src\Exemplar.Customers.Contracts\Exemplar.Customers.Contracts.csproj", "{E33DD72B-D597-4691-9938-92BE9328A164}"
EndProject
Project("{FAE04EC0-301F-11D3-BF4B-00C04F79EFBC}") = "Exemplar.Addresses", "src\Exemplar.Addresses\Exemplar.Addresses.csproj", "{15EC0EB7-260B-48F2-8325-CA054530DB0E}"
EndProject
Project("{FAE04EC0-301F-11D3-BF4B-00C04F79EFBC}") = "Exemplar.API", "src\Exemplar.API\Exemplar.API.csproj", "{1E55269F-EF13-41A3-AC31-706BE4316C16}"
EndProject
Project("{2150E333-8FDC-42A3-9474-1A3956D46DE8}") = "tests", "tests", "{04500BB5-6A9C-4A9D-9D17-3B35921F40C1}"
EndProject
Project("{FAE04EC0-301F-11D3-BF4B-00C04F79EFBC}") = "Exemplar.Core.Tests", "tests\Exemplar.Core.Tests\Exemplar.Core.Tests.csproj", "{2E1D942F-FA1A-4879-875F-5BFC0461CF39}"
EndProject
Project("{FAE04EC0-301F-11D3-BF4B-00C04F79EFBC}") = "Exemplar.Customers.Tests", "tests\Exemplar.Customers.Tests\Exemplar.Customers.Tests.csproj", "{122A7A35-4915-4D2D-8DFD-0BB2F7D03939}"
EndProject
Project("{FAE04EC0-301F-11D3-BF4B-00C04F79EFBC}") = "Exemplar.Addresses.Tests", "tests\Exemplar.Addresses.Tests\Exemplar.Addresses.Tests.csproj", "{B3D6E1F4-2A5C-4B70-CE45-36F8A0213B56}"
EndProject
Project("{FAE04EC0-301F-11D3-BF4B-00C04F79EFBC}") = "Exemplar.E2E.Tests", "tests\Exemplar.E2E.Tests\Exemplar.E2E.Tests.csproj", "{E5E09B70-948B-43C3-95DC-642AF0E229F0}"
EndProject
Project("{FAE04EC0-301F-11D3-BF4B-00C04F79EFBC}") = "Exemplar.Fleet", "src\Exemplar.Fleet\Exemplar.Fleet.csproj", "{58D9A3B8-EED0-4C7F-8229-DA8D1FDC12E9}"
EndProject
Project("{FAE04EC0-301F-11D3-BF4B-00C04F79EFBC}") = "Exemplar.Fleet.Tests", "tests\Exemplar.Fleet.Tests\Exemplar.Fleet.Tests.csproj", "{EB8053FB-E780-4AD9-98EB-9A6A9FE1EFB8}"
EndProject
Global
	GlobalSection(SolutionConfigurationPlatforms) = preSolution
		Debug|Any CPU = Debug|Any CPU
		Release|Any CPU = Release|Any CPU
	EndGlobalSection
	GlobalSection(SolutionProperties) = preSolution
		HideSolutionNode = FALSE
	EndGlobalSection
	GlobalSection(ProjectConfigurationPlatforms) = postSolution
		{E9BE1607-3D2A-4817-9D6F-E5C078A4D963}.Debug|Any CPU.ActiveCfg = Debug|Any CPU
		{E9BE1607-3D2A-4817-9D6F-E5C078A4D963}.Debug|Any CPU.Build.0 = Debug|Any CPU
		{E9BE1607-3D2A-4817-9D6F-E5C078A4D963}.Release|Any CPU.ActiveCfg = Release|Any CPU
		{E9BE1607-3D2A-4817-9D6F-E5C078A4D963}.Release|Any CPU.Build.0 = Release|Any CPU
		{AE6BD8DB-365A-4824-B406-142375090C68}.Debug|Any CPU.ActiveCfg = Debug|Any CPU
		{AE6BD8DB-365A-4824-B406-142375090C68}.Debug|Any CPU.Build.0 = Debug|Any CPU
		{AE6BD8DB-365A-4824-B406-142375090C68}.Release|Any CPU.ActiveCfg = Release|Any CPU
		{AE6BD8DB-365A-4824-B406-142375090C68}.Release|Any CPU.Build.0 = Release|Any CPU
		{E33DD72B-D597-4691-9938-92BE9328A164}.Debug|Any CPU.ActiveCfg = Debug|Any CPU
		{E33DD72B-D597-4691-9938-92BE9328A164}.Debug|Any CPU.Build.0 = Debug|Any CPU
		{E33DD72B-D597-4691-9938-92BE9328A164}.Release|Any CPU.ActiveCfg = Release|Any CPU
		{E33DD72B-D597-4691-9938-92BE9328A164}.Release|Any CPU.Build.0 = Release|Any CPU
		{15EC0EB7-260B-48F2-8325-CA054530DB0E}.Debug|Any CPU.ActiveCfg = Debug|Any CPU
		{15EC0EB7-260B-48F2-8325-CA054530DB0E}.Debug|Any CPU.Build.0 = Debug|Any CPU
		{15EC0EB7-260B-48F2-8325-CA054530DB0E}.Release|Any CPU.ActiveCfg = Release|Any CPU
		{15EC0EB7-260B-48F2-8325-CA054530DB0E}.Release|Any CPU.Build.0 = Release|Any CPU
		{1E55269F-EF13-41A3-AC31-706BE4316C16}.Debug|Any CPU.ActiveCfg = Debug|Any CPU
		{1E55269F-EF13-41A3-AC31-706BE4316C16}.Debug|Any CPU.Build.0 = Debug|Any CPU
		{1E55269F-EF13-41A3-AC31-706BE4316C16}.Release|Any CPU.ActiveCfg = Release|Any CPU
		{1E55269F-EF13-41A3-AC31-706BE4316C16}.Release|Any CPU.Build.0 = Release|Any CPU
		{2E1D942F-FA1A-4879-875F-5BFC0461CF39}.Debug|Any CPU.ActiveCfg = Debug|Any CPU
		{2E1D942F-FA1A-4879-875F-5BFC0461CF39}.Debug|Any CPU.Build.0 = Debug|Any CPU
		{2E1D942F-FA1A-4879-875F-5BFC0461CF39}.Release|Any CPU.ActiveCfg = Release|Any CPU
		{2E1D942F-FA1A-4879-875F-5BFC0461CF39}.Release|Any CPU.Build.0 = Release|Any CPU
		{122A7A35-4915-4D2D-8DFD-0BB2F7D03939}.Debug|Any CPU.ActiveCfg = Debug|Any CPU
		{122A7A35-4915-4D2D-8DFD-0BB2F7D03939}.Debug|Any CPU.Build.0 = Debug|Any CPU
		{122A7A35-4915-4D2D-8DFD-0BB2F7D03939}.Release|Any CPU.ActiveCfg = Release|Any CPU
		{122A7A35-4915-4D2D-8DFD-0BB2F7D03939}.Release|Any CPU.Build.0 = Release|Any CPU
		{B3D6E1F4-2A5C-4B70-CE45-36F8A0213B56}.Debug|Any CPU.ActiveCfg = Debug|Any CPU
		{B3D6E1F4-2A5C-4B70-CE45-36F8A0213B56}.Debug|Any CPU.Build.0 = Debug|Any CPU
		{B3D6E1F4-2A5C-4B70-CE45-36F8A0213B56}.Release|Any CPU.ActiveCfg = Release|Any CPU
		{B3D6E1F4-2A5C-4B70-CE45-36F8A0213B56}.Release|Any CPU.Build.0 = Release|Any CPU
		{E5E09B70-948B-43C3-95DC-642AF0E229F0}.Debug|Any CPU.ActiveCfg = Debug|Any CPU
		{E5E09B70-948B-43C3-95DC-642AF0E229F0}.Debug|Any CPU.Build.0 = Debug|Any CPU
		{E5E09B70-948B-43C3-95DC-642AF0E229F0}.Release|Any CPU.ActiveCfg = Release|Any CPU
		{E5E09B70-948B-43C3-95DC-642AF0E229F0}.Release|Any CPU.Build.0 = Release|Any CPU
		{58D9A3B8-EED0-4C7F-8229-DA8D1FDC12E9}.Debug|Any CPU.ActiveCfg = Debug|Any CPU
		{58D9A3B8-EED0-4C7F-8229-DA8D1FDC12E9}.Debug|Any CPU.Build.0 = Debug|Any CPU
		{58D9A3B8-EED0-4C7F-8229-DA8D1FDC12E9}.Release|Any CPU.ActiveCfg = Release|Any CPU
		{58D9A3B8-EED0-4C7F-8229-DA8D1FDC12E9}.Release|Any CPU.Build.0 = Release|Any CPU
		{EB8053FB-E780-4AD9-98EB-9A6A9FE1EFB8}.Debug|Any CPU.ActiveCfg = Debug|Any CPU
		{EB8053FB-E780-4AD9-98EB-9A6A9FE1EFB8}.Debug|Any CPU.Build.0 = Debug|Any CPU
		{EB8053FB-E780-4AD9-98EB-9A6A9FE1EFB8}.Release|Any CPU.ActiveCfg = Release|Any CPU
		{EB8053FB-E780-4AD9-98EB-9A6A9FE1EFB8}.Release|Any CPU.Build.0 = Release|Any CPU
	EndGlobalSection
	GlobalSection(NestedProjects) = preSolution
		{E9BE1607-3D2A-4817-9D6F-E5C078A4D963} = {3F800A17-C0EE-4DA4-87AC-EC9159F2F37A}
		{AE6BD8DB-365A-4824-B406-142375090C68} = {3F800A17-C0EE-4DA4-87AC-EC9159F2F37A}
		{E33DD72B-D597-4691-9938-92BE9328A164} = {3F800A17-C0EE-4DA4-87AC-EC9159F2F37A}
		{15EC0EB7-260B-48F2-8325-CA054530DB0E} = {3F800A17-C0EE-4DA4-87AC-EC9159F2F37A}
		{1E55269F-EF13-41A3-AC31-706BE4316C16} = {3F800A17-C0EE-4DA4-87AC-EC9159F2F37A}
		{2E1D942F-FA1A-4879-875F-5BFC0461CF39} = {04500BB5-6A9C-4A9D-9D17-3B35921F40C1}
		{122A7A35-4915-4D2D-8DFD-0BB2F7D03939} = {04500BB5-6A9C-4A9D-9D17-3B35921F40C1}
		{B3D6E1F4-2A5C-4B70-CE45-36F8A0213B56} = {04500BB5-6A9C-4A9D-9D17-3B35921F40C1}
		{E5E09B70-948B-43C3-95DC-642AF0E229F0} = {04500BB5-6A9C-4A9D-9D17-3B35921F40C1}
		{58D9A3B8-EED0-4C7F-8229-DA8D1FDC12E9} = {3F800A17-C0EE-4DA4-87AC-EC9159F2F37A}
		{EB8053FB-E780-4AD9-98EB-9A6A9FE1EFB8} = {04500BB5-6A9C-4A9D-9D17-3B35921F40C1}
	EndGlobalSection
EndGlobal
